
Microsoft Visual Studio Solution File, Format Version 12.00
# Visual Studio 15
VisualStudioVersion = 15.0.28306.52
MinimumVisualStudioVersion = 10.0.40219.1
Project("{9A19103F-16F7-4668-BE54-9A1E7A4F7556}") = "BattleShips", "BattleShips\BattleShips.csproj", "{C02681DB-7B0F-4310-8565-F401A36D6DD6}"
EndProject
Project("{FAE04EC0-301F-11D3-BF4B-00C04F79EFBC}") = "Factory", "Factory\Factory.csproj", "{7E66BFB8-BFDD-404C-9824-9297FCB356FF}"
EndProject
Project("{FAE04EC0-301F-11D3-BF4B-00C04F79EFBC}") = "Concrete", "Concrete\Concrete.csproj", "{9ED2901F-4699-4E8A-9EA9-6EE9B4E8778D}"
EndProject
Project("{FAE04EC0-301F-11D3-BF4B-00C04F79EFBC}") = "Abstractions", "Abstractions\Abstractions.csproj", "{67559C1D-D5F1-4B42-9C88-4E411A53C002}"
EndProject
Global
	GlobalSection(SolutionConfigurationPlatforms) = preSolution
		Debug|Any CPU = Debug|Any CPU
		Release|Any CPU = Release|Any CPU
	EndGlobalSection
	GlobalSection(ProjectConfigurationPlatforms) = postSolution
		{C02681DB-7B0F-4310-8565-F401A36D6DD6}.Debug|Any CPU.ActiveCfg = Debug|Any CPU
		{C02681DB-7B0F-4310-8565-F401A36D6DD6}.Debug|Any CPU.Build.0 = Debug|Any CPU
		{C02681DB-7B0F-4310-8565-F401A36D6DD6}.Release|Any CPU.ActiveCfg = Release|Any CPU
		{C02681DB-7B0F-4310-8565-F401A36D6DD6}.Release|Any CPU.Build.0 = Release|Any CPU
		{7E66BFB8-BFDD-404C-9824-9297FCB356FF}.Debug|Any CPU.ActiveCfg = Debug|Any CPU
		{7E66BFB8-BFDD-404C-9824-9297FCB356FF}.Debug|Any CPU.Build.0 = Debug|Any CPU
		{7E66BFB8-BFDD-404C-9824-9297FCB356FF}.Release|Any CPU.ActiveCfg = Release|Any CPU
		{7E66BFB8-BFDD-404C-9824-9297FCB356FF}.Release|Any CPU.Build.0 = Release|Any CPU
		{9ED2901F-4699-4E8A-9EA9-6EE9B4E8778D}.Debug|Any CPU.ActiveCfg = Debug|Any CPU
		{9ED2901F-4699-4E8A-9EA9-6EE9B4E8778D}.Debug|Any CPU.Build.0 = Debug|Any CPU
		{9ED2901F-4699-4E8A-9EA9-6EE9B4E8778D}.Release|Any CPU.ActiveCfg = Release|Any CPU
		{9ED2901F-4699-4E8A-9EA9-6EE9B4E8778D}.Release|Any CPU.Build.0 = Release|Any CPU
		{67559C1D-D5F1-4B42-9C88-4E411A53C002}.Debug|Any CPU.ActiveCfg = Debug|Any CPU
		{67559C1D-D5F1-4B42-9C88-4E411A53C002}.Debug|Any CPU.Build.0 = Debug|Any CPU
		{67559C1D-D5F1-4B42-9C88-4E411A53C002}.Release|Any CPU.ActiveCfg = Release|Any CPU
		{67559C1D-D5F1-4B42-9C88-4E411A53C002}.Release|Any CPU.Build.0 = Release|Any CPU
	EndGlobalSection
	GlobalSection(SolutionProperties) = preSolution
		HideSolutionNode = FALSE
	EndGlobalSection
	GlobalSection(ExtensibilityGlobals) = postSolution
		SolutionGuid = {A0433FB1-B630-4B2B-B087-7140F8C25265}
	EndGlobalSection
EndGlobal
